
Microsoft Visual Studio Solution File, Format Version 12.00
# Visual Studio Version 17
VisualStudioVersion = 17.5.002.0
MinimumVisualStudioVersion = 10.0.40219.1
Project("{9A19103F-16F7-4668-BE54-9A1E7A4F7556}") = "BlazorThreeJS", "BlazorThreeJS.csproj", "{4E132D96-D3D7-48A8-9797-BAED64AB022A}"
EndProject
Global
	GlobalSection(SolutionConfigurationPlatforms) = preSolution
		Debug|Any CPU = Debug|Any CPU
		Release|Any CPU = Release|Any CPU
	EndGlobalSection
	GlobalSection(ProjectConfigurationPlatforms) = postSolution
		{4E132D96-D3D7-48A8-9797-BAED64AB022A}.Debug|Any CPU.ActiveCfg = Debug|Any CPU
		{4E132D96-D3D7-48A8-9797-BAED64AB022A}.Debug|Any CPU.Build.0 = Debug|Any CPU
		{4E132D96-D3D7-48A8-9797-BAED64AB022A}.Release|Any CPU.ActiveCfg = Release|Any CPU
		{4E132D96-D3D7-48A8-9797-BAED64AB022A}.Release|Any CPU.Build.0 = Release|Any CPU
	EndGlobalSection
	GlobalSection(SolutionProperties) = preSolution
		HideSolutionNode = FALSE
	EndGlobalSection
	GlobalSection(ExtensibilityGlobals) = postSolution
		SolutionGuid = {4C5811D5-AE6A-408C-91B7-23AFC02EBDD4}
	EndGlobalSection
EndGlobal
